<?xml version="1.0" encoding="utf-8"?>
<Project ToolsVersion="4.0" xmlns="http://schemas.microsoft.com/developer/msbuild/2003">
  <ItemGroup>
    <Filter Include="Analyzers">
      <UniqueIdentifier>{6c085062-6565-497e-9174-75468b3efa49}</UniqueIdentifier>
    </Filter>
    <Filter Include="Core">
      <UniqueIdentifier>{5340d457-7d51-48bf-99bc-30c04ffb5982}</UniqueIdentifier>
    </Filter>
    <Filter Include="Core\Headers">
      <UniqueIdentifier>{d68bd0d2-bd9c-4ee6-bbf2-3b229c1b4ad4}</UniqueIdentifier>
    </Filter>
    <Filter Include="Helpers">
      <UniqueIdentifier>{179814b2-d436-48e6-8cb7-7b004f3be072}</UniqueIdentifier>
    </Filter>
    <Filter Include="Helpers\Headers">
      <UniqueIdentifier>{8f38cfc8-ce65-46db-ba75-37299a077f96}</UniqueIdentifier>
    </Filter>
    <Filter Include="Analyzers\Linear">
      <UniqueIdentifier>{c7e3675b-073f-4a39-9719-96fe123f48c9}</UniqueIdentifier>
    </Filter>
    <Filter Include="Analyzers\Pattern">
      <UniqueIdentifier>{edf24cca-8970-4770-9b31-a6a5e957a4a4}</UniqueIdentifier>
    </Filter>
    <Filter Include="Analyzers\Linear\Headers">
      <UniqueIdentifier>{3a83bc3a-6505-4d49-ae57-952cb0bf3b0a}</UniqueIdentifier>
    </Filter>
    <Filter Include="Analyzers\Pattern\Headers">
      <UniqueIdentifier>{aba1219f-97c0-4b7a-a660-d867320c6304}</UniqueIdentifier>
    </Filter>
    <Filter Include="Analyzers\Base">
      <UniqueIdentifier>{9c78e2a3-9e8e-4d04-92fe-1f7f59dc2555}</UniqueIdentifier>
    </Filter>
    <Filter Include="Analyzers\Base\Headers">
      <UniqueIdentifier>{13b65128-dcd1-46fc-95a6-186de99d15e1}</UniqueIdentifier>
    </Filter>
    <Filter Include="Filters">
      <UniqueIdentifier>{c793152a-c4b4-451b-847d-4c8e92df1d99}</UniqueIdentifier>
    </Filter>
    <Filter Include="Filters\Windows">
      <UniqueIdentifier>{d9f7685f-f52a-4e29-9be2-99a8bbc45992}</UniqueIdentifier>
    </Filter>
    <Filter Include="Filters\Windows\Headers">
      <UniqueIdentifier>{b16f815e-f2d2-49e0-bbbf-15b2969b607d}</UniqueIdentifier>
    </Filter>
    <Filter Include="Filters\Base">
      <UniqueIdentifier>{0d82d8e4-47d6-4b1a-82db-5a09fb72c5c5}</UniqueIdentifier>
    </Filter>
    <Filter Include="Filters\Base\Headers">
      <UniqueIdentifier>{11781b4c-ea89-4f4a-94eb-a8fb8899b7d8}</UniqueIdentifier>
    </Filter>
    <Filter Include="Core\Dependencies">
      <UniqueIdentifier>{9343c0c3-a09f-44db-90d4-8c51dfc96067}</UniqueIdentifier>
    </Filter>
  </ItemGroup>
  <ItemGroup>
    <ClInclude Include="Core\ArduinoReadableFileWriter.h">
      <Filter>Core\Headers</Filter>
    </ClInclude>
    <ClInclude Include="Core\CoreMath.h">
      <Filter>Core\Headers</Filter>
    </ClInclude>
    <ClInclude Include="Core\EmcCore.h">
      <Filter>Core\Headers</Filter>
    </ClInclude>
    <ClInclude Include="Core\MusicFileOperations.h">
      <Filter>Core\Headers</Filter>
    </ClInclude>
    <ClInclude Include="Core\stdafx.h">
      <Filter>Core\Headers</Filter>
    </ClInclude>
    <ClInclude Include="Core\ConfigurationFileFields.h">
      <Filter>Helpers\Headers</Filter>
    </ClInclude>
    <ClInclude Include="Core\Constants.h">
      <Filter>Helpers\Headers</Filter>
    </ClInclude>
    <ClInclude Include="Core\EMCModes.h">
      <Filter>Helpers\Headers</Filter>
    </ClInclude>
    <ClInclude Include="Core\NoteNames.h">
      <Filter>Helpers\Headers</Filter>
    </ClInclude>
    <ClInclude Include="Core\FFmpegReturnValues.h">
      <Filter>Helpers\Headers</Filter>
    </ClInclude>
    <ClInclude Include="Core\SettingsBuilder.h">
      <Filter>Helpers\Headers</Filter>
    </ClInclude>
    <ClInclude Include="Analyzers\Linear\HillEffectAnalyzer.h">
      <Filter>Analyzers\Linear\Headers</Filter>
    </ClInclude>
    <ClInclude Include="Analyzers\Linear\IntensityAnalyzer.h">
      <Filter>Analyzers\Linear\Headers</Filter>
    </ClInclude>
    <ClInclude Include="Analyzers\Linear\LinearAnalyzer.h">
      <Filter>Analyzers\Linear\Headers</Filter>
    </ClInclude>
    <ClInclude Include="Analyzers\Base\BaseAnalyzer.h">
      <Filter>Analyzers\Base\Headers</Filter>
    </ClInclude>
    <ClInclude Include="Analyzers\Base\AnalyzerFactory.h">
      <Filter>Analyzers\Base\Headers</Filter>
    </ClInclude>
    <ClInclude Include="Analyzers\Pattern\PatternAnalyzer.h">
      <Filter>Analyzers\Pattern\Headers</Filter>
    </ClInclude>
    <ClInclude Include="Analyzers\Pattern\FeatureExtractionAnalyzer.h">
      <Filter>Analyzers\Pattern\Headers</Filter>
    </ClInclude>
    <ClInclude Include="Core\MP3toData.h">
      <Filter>Core\Headers</Filter>
    </ClInclude>
    <ClInclude Include="Analyzers\Pattern\MeterAnalyzer.h">
      <Filter>Analyzers\Pattern\Headers</Filter>
    </ClInclude>
    <ClInclude Include="Analyzers\Pattern\TimeSignatureAnalyzer.h">
      <Filter>Analyzers\Pattern\Headers</Filter>
    </ClInclude>
    <ClInclude Include="Core\EmcSettings.h">
      <Filter>Helpers\Headers</Filter>
    </ClInclude>
    <ClInclude Include="Filters\Base\Filter.h">
      <Filter>Filters\Base\Headers</Filter>
    </ClInclude>
    <ClInclude Include="Filters\Base\NoiseFloor.h">
      <Filter>Filters\Base\Headers</Filter>
    </ClInclude>
    <ClInclude Include="Filters\Base\SimplifiedKalman.h">
      <Filter>Filters\Base\Headers</Filter>
    </ClInclude>
    <ClInclude Include="Filters\Windows\Window.h">
      <Filter>Filters\Windows\Headers</Filter>
    </ClInclude>
    <ClInclude Include="Core\Processor.h">
      <Filter>Core\Headers</Filter>
    </ClInclude>
    <ClInclude Include="Filters\Windows\HanningWindow.h">
      <Filter>Filters\Windows\Headers</Filter>
    </ClInclude>
    <ClInclude Include="Analyzers\Linear\LinearFFTAnalyzer.h" />
    <ClInclude Include="..\include\Jsoncpp\json\json.h">
      <Filter>Core\Dependencies</Filter>
    </ClInclude>
    <ClInclude Include="..\include\Jsoncpp\json\json-forwards.h">
      <Filter>Core\Dependencies</Filter>
    </ClInclude>
  </ItemGroup>
  <ItemGroup>
    <ClCompile Include="Core\ArduinoReadableFileWriter.cpp">
      <Filter>Core</Filter>
    </ClCompile>
    <ClCompile Include="Core\CoreMath.cpp">
      <Filter>Core</Filter>
    </ClCompile>
    <ClCompile Include="Core\EmcCore.cpp">
      <Filter>Core</Filter>
    </ClCompile>
    <ClCompile Include="Core\EntryPoint.cpp">
      <Filter>Core</Filter>
    </ClCompile>
    <ClCompile Include="Core\MP3toData.cpp">
      <Filter>Core</Filter>
    </ClCompile>
    <ClCompile Include="Core\MusicFileOperations.cpp">
      <Filter>Core</Filter>
    </ClCompile>
    <ClCompile Include="Core\stdafx.cpp">
      <Filter>Core</Filter>
    </ClCompile>
    <ClCompile Include="Core\SettingsBuilder.cpp">
      <Filter>Helpers</Filter>
    </ClCompile>
    <ClCompile Include="Analyzers\Linear\LinearAnalyzer.cpp">
      <Filter>Analyzers\Linear</Filter>
    </ClCompile>
    <ClCompile Include="Analyzers\Linear\IntensityAnalyzer.cpp">
      <Filter>Analyzers\Linear</Filter>
    </ClCompile>
    <ClCompile Include="Analyzers\Linear\HillEffectAnalyzer.cpp">
      <Filter>Analyzers\Linear</Filter>
    </ClCompile>
    <ClCompile Include="Analyzers\Base\AnalyzerFactory.cpp">
      <Filter>Analyzers\Base</Filter>
    </ClCompile>
    <ClCompile Include="Analyzers\Base\BaseAnalyzer.cpp">
      <Filter>Analyzers\Base</Filter>
    </ClCompile>
    <ClCompile Include="Analyzers\Pattern\FeatureExtractionAnalyzer.cpp">
      <Filter>Analyzers\Pattern</Filter>
    </ClCompile>
    <ClCompile Include="Analyzers\Pattern\PatternAnalyzer.cpp">
      <Filter>Analyzers\Pattern</Filter>
    </ClCompile>
    <ClCompile Include="Analyzers\Pattern\MeterAnalyzer.cpp">
      <Filter>Analyzers\Pattern</Filter>
    </ClCompile>
    <ClCompile Include="Analyzers\Pattern\TimeSignatureAnalyzer.cpp">
      <Filter>Analyzers\Pattern</Filter>
    </ClCompile>
    <ClCompile Include="Filters\Base\Filter.cpp">
      <Filter>Filters\Base</Filter>
    </ClCompile>
    <ClCompile Include="Filters\Base\SimplifiedKalman.cpp">
      <Filter>Filters\Base</Filter>
    </ClCompile>
    <ClCompile Include="Filters\Base\NoiseFloor.cpp">
      <Filter>Filters\Base</Filter>
    </ClCompile>
    <ClCompile Include="Filters\Windows\Window.cpp">
      <Filter>Filters\Windows</Filter>
    </ClCompile>
    <ClCompile Include="Core\Processor.cpp">
      <Filter>Core</Filter>
    </ClCompile>
    <ClCompile Include="Filters\Windows\HanningWindow.cpp">
      <Filter>Filters\Windows</Filter>
    </ClCompile>
    <ClCompile Include="Analyzers\Linear\LinearFFTAnalyzer.cpp" />
    <ClCompile Include="..\include\Jsoncpp\jsoncpp.cpp">
      <Filter>Core\Dependencies</Filter>
    </ClCompile>
  </ItemGroup>
  <ItemGroup>
    <None Include="..\README.md" />
  </ItemGroup>
</Project>