<?xml version="1.0" encoding="utf-8"?>
<Project ToolsVersion="4.0" xmlns="http://schemas.microsoft.com/developer/msbuild/2003">
  <ItemGroup>
    <Filter Include="Analyzers">
      <UniqueIdentifier>{6c085062-6565-497e-9174-75468b3efa49}</UniqueIdentifier>
    </Filter>
    <Filter Include="Core">
      <UniqueIdentifier>{5340d457-7d51-48bf-99bc-30c04ffb5982}</UniqueIdentifier>
    </Filter>
    <Filter Include="Core\Headers">
      <UniqueIdentifier>{d68bd0d2-bd9c-4ee6-bbf2-3b229c1b4ad4}</UniqueIdentifier>
    </Filter>
    <Filter Include="Helpers">
      <UniqueIdentifier>{179814b2-d436-48e6-8cb7-7b004f3be072}</UniqueIdentifier>
    </Filter>
    <Filter Include="Helpers\Headers">
      <UniqueIdentifier>{8f38cfc8-ce65-46db-ba75-37299a077f96}</UniqueIdentifier>
    </Filter>
    <Filter Include="Analyzers\Linear">
      <UniqueIdentifier>{c7e3675b-073f-4a39-9719-96fe123f48c9}</UniqueIdentifier>
    </Filter>
    <Filter Include="Analyzers\Pattern">
      <UniqueIdentifier>{edf24cca-8970-4770-9b31-a6a5e957a4a4}</UniqueIdentifier>
    </Filter>
    <Filter Include="Analyzers\Linear\Headers">
      <UniqueIdentifier>{3a83bc3a-6505-4d49-ae57-952cb0bf3b0a}</UniqueIdentifier>
    </Filter>
    <Filter Include="Analyzers\Pattern\Headers">
      <UniqueIdentifier>{aba1219f-97c0-4b7a-a660-d867320c6304}</UniqueIdentifier>
    </Filter>
    <Filter Include="Analyzers\Base">
      <UniqueIdentifier>{9c78e2a3-9e8e-4d04-92fe-1f7f59dc2555}</UniqueIdentifier>
    </Filter>
    <Filter Include="Analyzers\Base\Headers">
      <UniqueIdentifier>{13b65128-dcd1-46fc-95a6-186de99d15e1}</UniqueIdentifier>
    </Filter>
    <Filter Include="Filters">
      <UniqueIdentifier>{c793152a-c4b4-451b-847d-4c8e92df1d99}</UniqueIdentifier>
    </Filter>
    <Filter Include="Core\Dependencies">
      <UniqueIdentifier>{067c3afa-ee38-4592-9f76-8604065ed8ab}</UniqueIdentifier>
    </Filter>
    <Filter Include="Core\Dependencies\JsonCpp">
      <UniqueIdentifier>{4f2d0267-7c7c-4b5e-a705-c2d4f27a0ba5}</UniqueIdentifier>
    </Filter>
    <Filter Include="Core\Dependencies\FFTW">
      <UniqueIdentifier>{6076e670-de48-43fa-8339-0b24dbf6d55d}</UniqueIdentifier>
    </Filter>
    <Filter Include="Core\Dependencies\Boost">
      <UniqueIdentifier>{79cee116-f51b-4377-b7b7-859e1c97b4d5}</UniqueIdentifier>
    </Filter>
    <Filter Include="Core\Dependencies\FFmpeg">
      <UniqueIdentifier>{ea3d0412-80d8-41c9-b62a-6b5f57e396a3}</UniqueIdentifier>
    </Filter>
    <Filter Include="Filters\Windows">
      <UniqueIdentifier>{d9f7685f-f52a-4e29-9be2-99a8bbc45992}</UniqueIdentifier>
    </Filter>
    <Filter Include="Filters\Windows\Headers">
      <UniqueIdentifier>{b16f815e-f2d2-49e0-bbbf-15b2969b607d}</UniqueIdentifier>
    </Filter>
    <Filter Include="Filters\Base">
      <UniqueIdentifier>{0d82d8e4-47d6-4b1a-82db-5a09fb72c5c5}</UniqueIdentifier>
    </Filter>
    <Filter Include="Filters\Base\Headers">
      <UniqueIdentifier>{11781b4c-ea89-4f4a-94eb-a8fb8899b7d8}</UniqueIdentifier>
    </Filter>
  </ItemGroup>
  <ItemGroup>
    <ClInclude Include="Core\ArduinoReadableFileWriter.h">
      <Filter>Core\Headers</Filter>
    </ClInclude>
    <ClInclude Include="Core\CoreMath.h">
      <Filter>Core\Headers</Filter>
    </ClInclude>
    <ClInclude Include="Core\EmcCore.h">
      <Filter>Core\Headers</Filter>
    </ClInclude>
    <ClInclude Include="Core\MusicFileOperations.h">
      <Filter>Core\Headers</Filter>
    </ClInclude>
    <ClInclude Include="Core\stdafx.h">
      <Filter>Core\Headers</Filter>
    </ClInclude>
    <ClInclude Include="Core\targetver.h">
      <Filter>Core\Headers</Filter>
    </ClInclude>
    <ClInclude Include="Core\ConfigurationFileFields.h">
      <Filter>Helpers\Headers</Filter>
    </ClInclude>
    <ClInclude Include="Core\Constants.h">
      <Filter>Helpers\Headers</Filter>
    </ClInclude>
    <ClInclude Include="Core\EMCModes.h">
      <Filter>Helpers\Headers</Filter>
    </ClInclude>
    <ClInclude Include="Core\NoteNames.h">
      <Filter>Helpers\Headers</Filter>
    </ClInclude>
    <ClInclude Include="Core\FFmpegReturnValues.h">
      <Filter>Helpers\Headers</Filter>
    </ClInclude>
    <ClInclude Include="Core\SettingsBuilder.h">
      <Filter>Helpers\Headers</Filter>
    </ClInclude>
    <ClInclude Include="Dependencies\json\json-forwards.h">
      <Filter>Core\Dependencies\JsonCpp</Filter>
    </ClInclude>
    <ClInclude Include="Dependencies\json\json.h">
      <Filter>Core\Dependencies\JsonCpp</Filter>
    </ClInclude>
    <ClInclude Include="Core\fftw3.h">
      <Filter>Core\Dependencies\FFTW</Filter>
    </ClInclude>
    <ClInclude Include="Dependencies\boost\config\abi_prefix.hpp">
      <Filter>Core\Dependencies\Boost</Filter>
    </ClInclude>
    <ClInclude Include="Dependencies\boost\config\abi_suffix.hpp">
      <Filter>Core\Dependencies\Boost</Filter>
    </ClInclude>
    <ClInclude Include="Dependencies\boost\utility\addressof.hpp">
      <Filter>Core\Dependencies\Boost</Filter>
    </ClInclude>
    <ClInclude Include="Dependencies\boost\core\addressof.hpp">
      <Filter>Core\Dependencies\Boost</Filter>
    </ClInclude>
    <ClInclude Include="Dependencies\boost\config\platform\aix.hpp">
      <Filter>Core\Dependencies\Boost</Filter>
    </ClInclude>
    <ClInclude Include="Dependencies\boost\detail\algorithm.hpp">
      <Filter>Core\Dependencies\Boost</Filter>
    </ClInclude>
    <ClInclude Include="Dependencies\boost\exception\all.hpp">
      <Filter>Core\Dependencies\Boost</Filter>
    </ClInclude>
    <ClInclude Include="Dependencies\boost\smart_ptr\allocate_shared_array.hpp">
      <Filter>Core\Dependencies\Boost</Filter>
    </ClInclude>
    <ClInclude Include="Dependencies\boost\detail\allocator_utilities.hpp">
      <Filter>Core\Dependencies\Boost</Filter>
    </ClInclude>
    <ClInclude Include="Dependencies\boost\config\platform\amigaos.hpp">
      <Filter>Core\Dependencies\Boost</Filter>
    </ClInclude>
    <ClInclude Include="Dependencies\boost\smart_ptr\detail\array_allocator.hpp">
      <Filter>Core\Dependencies\Boost</Filter>
    </ClInclude>
    <ClInclude Include="Dependencies\boost\smart_ptr\detail\array_count_impl.hpp">
      <Filter>Core\Dependencies\Boost</Filter>
    </ClInclude>
    <ClInclude Include="Dependencies\boost\smart_ptr\detail\array_traits.hpp">
      <Filter>Core\Dependencies\Boost</Filter>
    </ClInclude>
    <ClInclude Include="Dependencies\boost\smart_ptr\detail\array_utility.hpp">
      <Filter>Core\Dependencies\Boost</Filter>
    </ClInclude>
    <ClInclude Include="Dependencies\boost\assert.hpp">
      <Filter>Core\Dependencies\Boost</Filter>
    </ClInclude>
    <ClInclude Include="Dependencies\boost\detail\atomic_count.hpp">
      <Filter>Core\Dependencies\Boost</Filter>
    </ClInclude>
    <ClInclude Include="Dependencies\boost\smart_ptr\detail\atomic_count.hpp">
      <Filter>Core\Dependencies\Boost</Filter>
    </ClInclude>
    <ClInclude Include="Dependencies\boost\smart_ptr\detail\atomic_count_gcc.hpp">
      <Filter>Core\Dependencies\Boost</Filter>
    </ClInclude>
    <ClInclude Include="Dependencies\boost\smart_ptr\detail\atomic_count_gcc_x86.hpp">
      <Filter>Core\Dependencies\Boost</Filter>
    </ClInclude>
    <ClInclude Include="Dependencies\boost\smart_ptr\detail\atomic_count_nt.hpp">
      <Filter>Core\Dependencies\Boost</Filter>
    </ClInclude>
    <ClInclude Include="Dependencies\boost\smart_ptr\detail\atomic_count_pt.hpp">
      <Filter>Core\Dependencies\Boost</Filter>
    </ClInclude>
    <ClInclude Include="Dependencies\boost\smart_ptr\detail\atomic_count_solaris.hpp">
      <Filter>Core\Dependencies\Boost</Filter>
    </ClInclude>
    <ClInclude Include="Dependencies\boost\smart_ptr\detail\atomic_count_spin.hpp">
      <Filter>Core\Dependencies\Boost</Filter>
    </ClInclude>
    <ClInclude Include="Dependencies\boost\smart_ptr\detail\atomic_count_std_atomic.hpp">
      <Filter>Core\Dependencies\Boost</Filter>
    </ClInclude>
    <ClInclude Include="Dependencies\boost\smart_ptr\detail\atomic_count_sync.hpp">
      <Filter>Core\Dependencies\Boost</Filter>
    </ClInclude>
    <ClInclude Include="Dependencies\boost\smart_ptr\detail\atomic_count_win32.hpp">
      <Filter>Core\Dependencies\Boost</Filter>
    </ClInclude>
    <ClInclude Include="Dependencies\boost\detail\atomic_redef_macros.hpp">
      <Filter>Core\Dependencies\Boost</Filter>
    </ClInclude>
    <ClInclude Include="Dependencies\boost\detail\atomic_undef_macros.hpp">
      <Filter>Core\Dependencies\Boost</Filter>
    </ClInclude>
    <ClInclude Include="Dependencies\boost\config\auto_link.hpp">
      <Filter>Core\Dependencies\Boost</Filter>
    </ClInclude>
    <ClInclude Include="Dependencies\boost\smart_ptr\bad_weak_ptr.hpp">
      <Filter>Core\Dependencies\Boost</Filter>
    </ClInclude>
    <ClInclude Include="Dependencies\boost\utility\base_from_member.hpp">
      <Filter>Core\Dependencies\Boost</Filter>
    </ClInclude>
    <ClInclude Include="Dependencies\boost\detail\basic_pointerbuf.hpp">
      <Filter>Core\Dependencies\Boost</Filter>
    </ClInclude>
    <ClInclude Include="Dependencies\boost\detail\winapi\basic_types.hpp">
      <Filter>Core\Dependencies\Boost</Filter>
    </ClInclude>
    <ClInclude Include="Dependencies\boost\config\platform\beos.hpp">
      <Filter>Core\Dependencies\Boost</Filter>
    </ClInclude>
    <ClInclude Include="Dependencies\boost\utility\binary.hpp">
      <Filter>Core\Dependencies\Boost</Filter>
    </ClInclude>
    <ClInclude Include="Dependencies\boost\detail\binary_search.hpp">
      <Filter>Core\Dependencies\Boost</Filter>
    </ClInclude>
    <ClInclude Include="Dependencies\boost\detail\bitmask.hpp">
      <Filter>Core\Dependencies\Boost</Filter>
    </ClInclude>
    <ClInclude Include="Dependencies\boost\config\compiler\borland.hpp">
      <Filter>Core\Dependencies\Boost</Filter>
    </ClInclude>
    <ClInclude Include="Dependencies\boost\config\abi\borland_prefix.hpp">
      <Filter>Core\Dependencies\Boost</Filter>
    </ClInclude>
    <ClInclude Include="Dependencies\boost\config\abi\borland_suffix.hpp">
      <Filter>Core\Dependencies\Boost</Filter>
    </ClInclude>
    <ClInclude Include="Dependencies\boost\config\platform\bsd.hpp">
      <Filter>Core\Dependencies\Boost</Filter>
    </ClInclude>
    <ClInclude Include="Dependencies\boost\detail\call_traits.hpp">
      <Filter>Core\Dependencies\Boost</Filter>
    </ClInclude>
    <ClInclude Include="Dependencies\boost\detail\catch_exceptions.hpp">
      <Filter>Core\Dependencies\Boost</Filter>
    </ClInclude>
    <ClInclude Include="Dependencies\boost\core\checked_delete.hpp">
      <Filter>Core\Dependencies\Boost</Filter>
    </ClInclude>
    <ClInclude Include="Dependencies\boost\checked_delete.hpp">
      <Filter>Core\Dependencies\Boost</Filter>
    </ClInclude>
    <ClInclude Include="Dependencies\boost\config\compiler\clang.hpp">
      <Filter>Core\Dependencies\Boost</Filter>
    </ClInclude>
    <ClInclude Include="Dependencies\boost\exception\detail\clone_current_exception.hpp">
      <Filter>Core\Dependencies\Boost</Filter>
    </ClInclude>
    <ClInclude Include="Dependencies\boost\config\no_tr1\cmath.hpp">
      <Filter>Core\Dependencies\Boost</Filter>
    </ClInclude>
    <ClInclude Include="Dependencies\boost\config\compiler\codegear.hpp">
      <Filter>Core\Dependencies\Boost</Filter>
    </ClInclude>
    <ClInclude Include="Dependencies\boost\config\compiler\comeau.hpp">
      <Filter>Core\Dependencies\Boost</Filter>
    </ClInclude>
    <ClInclude Include="Dependencies\boost\config\compiler\common_edg.hpp">
      <Filter>Core\Dependencies\Boost</Filter>
    </ClInclude>
    <ClInclude Include="Dependencies\boost\config\compiler\compaq_cxx.hpp">
      <Filter>Core\Dependencies\Boost</Filter>
    </ClInclude>
    <ClInclude Include="Dependencies\boost\utility\compare_pointees.hpp">
      <Filter>Core\Dependencies\Boost</Filter>
    </ClInclude>
    <ClInclude Include="Dependencies\boost\config\no_tr1\complex.hpp">
      <Filter>Core\Dependencies\Boost</Filter>
    </ClInclude>
    <ClInclude Include="Dependencies\boost\detail\compressed_pair.hpp">
      <Filter>Core\Dependencies\Boost</Filter>
    </ClInclude>
    <ClInclude Include="Dependencies\boost\detail\winapi\config.hpp">
      <Filter>Core\Dependencies\Boost</Filter>
    </ClInclude>
    <ClInclude Include="Dependencies\boost\config.hpp">
      <Filter>Core\Dependencies\Boost</Filter>
    </ClInclude>
    <ClInclude Include="Dependencies\boost\detail\container_fwd.hpp">
      <Filter>Core\Dependencies\Boost</Filter>
    </ClInclude>
    <ClInclude Include="Dependencies\boost\config\compiler\cray.hpp">
      <Filter>Core\Dependencies\Boost</Filter>
    </ClInclude>
    <ClInclude Include="Dependencies\boost\config\platform\cray.hpp">
      <Filter>Core\Dependencies\Boost</Filter>
    </ClInclude>
    <ClInclude Include="Dependencies\boost\exception\current_exception_cast.hpp">
      <Filter>Core\Dependencies\Boost</Filter>
    </ClInclude>
    <ClInclude Include="Dependencies\boost\current_function.hpp">
      <Filter>Core\Dependencies\Boost</Filter>
    </ClInclude>
    <ClInclude Include="Dependencies\boost\config\platform\cygwin.hpp">
      <Filter>Core\Dependencies\Boost</Filter>
    </ClInclude>
    <ClInclude Include="Dependencies\boost\utility\declval.hpp">
      <Filter>Core\Dependencies\Boost</Filter>
    </ClInclude>
    <ClInclude Include="Dependencies\boost\core\demangle.hpp">
      <Filter>Core\Dependencies\Boost</Filter>
    </ClInclude>
    <ClInclude Include="Dependencies\boost\exception\diagnostic_information.hpp">
      <Filter>Core\Dependencies\Boost</Filter>
    </ClInclude>
    <ClInclude Include="Dependencies\boost\config\compiler\digitalmars.hpp">
      <Filter>Core\Dependencies\Boost</Filter>
    </ClInclude>
    <ClInclude Include="Dependencies\boost\config\stdlib\dinkumware.hpp">
      <Filter>Core\Dependencies\Boost</Filter>
    </ClInclude>
    <ClInclude Include="Dependencies\boost\detail\winapi\directory_management.hpp">
      <Filter>Core\Dependencies\Boost</Filter>
    </ClInclude>
    <ClInclude Include="Dependencies\boost\detail\winapi\dll.hpp">
      <Filter>Core\Dependencies\Boost</Filter>
    </ClInclude>
    <ClInclude Include="dev\include\libavcodec\dxva2.h">
      <Filter>Core\Dependencies\Boost</Filter>
    </ClInclude>
    <ClInclude Include="Dependencies\boost\detail\dynamic_bitset.hpp">
      <Filter>Core\Dependencies\Boost</Filter>
    </ClInclude>
    <ClInclude Include="Dependencies\boost\utility\empty_deleter.hpp">
      <Filter>Core\Dependencies\Boost</Filter>
    </ClInclude>
    <ClInclude Include="Dependencies\boost\exception\enable_current_exception.hpp">
      <Filter>Core\Dependencies\Boost</Filter>
    </ClInclude>
    <ClInclude Include="Dependencies\boost\exception\enable_error_info.hpp">
      <Filter>Core\Dependencies\Boost</Filter>
    </ClInclude>
    <ClInclude Include="Dependencies\boost\utility\enable_if.hpp">
      <Filter>Core\Dependencies\Boost</Filter>
    </ClInclude>
    <ClInclude Include="Dependencies\boost\core\enable_if.hpp">
      <Filter>Core\Dependencies\Boost</Filter>
    </ClInclude>
    <ClInclude Include="Dependencies\boost\smart_ptr\enable_shared_from_raw.hpp">
      <Filter>Core\Dependencies\Boost</Filter>
    </ClInclude>
    <ClInclude Include="Dependencies\boost\smart_ptr\enable_shared_from_this.hpp">
      <Filter>Core\Dependencies\Boost</Filter>
    </ClInclude>
    <ClInclude Include="Dependencies\boost\detail\endian.hpp">
      <Filter>Core\Dependencies\Boost</Filter>
    </ClInclude>
    <ClInclude Include="Dependencies\boost\exception\errinfo_api_function.hpp">
      <Filter>Core\Dependencies\Boost</Filter>
    </ClInclude>
    <ClInclude Include="Dependencies\boost\exception\errinfo_at_line.hpp">
      <Filter>Core\Dependencies\Boost</Filter>
    </ClInclude>
    <ClInclude Include="Dependencies\boost\exception\errinfo_errno.hpp">
      <Filter>Core\Dependencies\Boost</Filter>
    </ClInclude>
    <ClInclude Include="Dependencies\boost\exception\errinfo_file_handle.hpp">
      <Filter>Core\Dependencies\Boost</Filter>
    </ClInclude>
    <ClInclude Include="Dependencies\boost\exception\errinfo_file_name.hpp">
      <Filter>Core\Dependencies\Boost</Filter>
    </ClInclude>
    <ClInclude Include="Dependencies\boost\exception\errinfo_file_open_mode.hpp">
      <Filter>Core\Dependencies\Boost</Filter>
    </ClInclude>
    <ClInclude Include="Dependencies\boost\exception\errinfo_nested_exception.hpp">
      <Filter>Core\Dependencies\Boost</Filter>
    </ClInclude>
    <ClInclude Include="Dependencies\boost\exception\errinfo_type_info_name.hpp">
      <Filter>Core\Dependencies\Boost</Filter>
    </ClInclude>
    <ClInclude Include="Dependencies\boost\detail\winapi\error_handling.hpp">
      <Filter>Core\Dependencies\Boost</Filter>
    </ClInclude>
    <ClInclude Include="Dependencies\boost\exception\error_info.hpp">
      <Filter>Core\Dependencies\Boost</Filter>
    </ClInclude>
    <ClInclude Include="Dependencies\boost\exception\detail\error_info_impl.hpp">
      <Filter>Core\Dependencies\Boost</Filter>
    </ClInclude>
    <ClInclude Include="Dependencies\boost\exception\exception.hpp">
      <Filter>Core\Dependencies\Boost</Filter>
    </ClInclude>
    <ClInclude Include="Dependencies\boost\exception\detail\exception_ptr.hpp">
      <Filter>Core\Dependencies\Boost</Filter>
    </ClInclude>
    <ClInclude Include="Dependencies\boost\core\explicit_operator_bool.hpp">
      <Filter>Core\Dependencies\Boost</Filter>
    </ClInclude>
    <ClInclude Include="Dependencies\boost\utility\explicit_operator_bool.hpp">
      <Filter>Core\Dependencies\Boost</Filter>
    </ClInclude>
    <ClInclude Include="Dependencies\boost\detail\fenv.hpp">
      <Filter>Core\Dependencies\Boost</Filter>
    </ClInclude>
    <ClInclude Include="Dependencies\boost\detail\winapi\file_management.hpp">
      <Filter>Core\Dependencies\Boost</Filter>
    </ClInclude>
    <ClInclude Include="Dependencies\boost\config\no_tr1\functional.hpp">
      <Filter>Core\Dependencies\Boost</Filter>
    </ClInclude>
    <ClInclude Include="Dependencies\boost\config\compiler\gcc.hpp">
      <Filter>Core\Dependencies\Boost</Filter>
    </ClInclude>
    <ClInclude Include="Dependencies\boost\config\compiler\gcc_xml.hpp">
      <Filter>Core\Dependencies\Boost</Filter>
    </ClInclude>
    <ClInclude Include="Dependencies\boost\exception\get_error_info.hpp">
      <Filter>Core\Dependencies\Boost</Filter>
    </ClInclude>
    <ClInclude Include="Dependencies\boost\detail\winapi\GetCurrentProcess.hpp">
      <Filter>Core\Dependencies\Boost</Filter>
    </ClInclude>
    <ClInclude Include="Dependencies\boost\detail\winapi\GetCurrentThread.hpp">
      <Filter>Core\Dependencies\Boost</Filter>
    </ClInclude>
    <ClInclude Include="Dependencies\boost\detail\winapi\GetLastError.hpp">
      <Filter>Core\Dependencies\Boost</Filter>
    </ClInclude>
    <ClInclude Include="Dependencies\boost\detail\winapi\GetProcessTimes.hpp">
      <Filter>Core\Dependencies\Boost</Filter>
    </ClInclude>
    <ClInclude Include="Dependencies\boost\detail\winapi\GetThreadTimes.hpp">
      <Filter>Core\Dependencies\Boost</Filter>
    </ClInclude>
    <ClInclude Include="Dependencies\boost\config\compiler\greenhills.hpp">
      <Filter>Core\Dependencies\Boost</Filter>
    </ClInclude>
    <ClInclude Include="Dependencies\boost\detail\winapi\handles.hpp">
      <Filter>Core\Dependencies\Boost</Filter>
    </ClInclude>
    <ClInclude Include="Dependencies\boost\detail\has_default_constructor.hpp">
      <Filter>Core\Dependencies\Boost</Filter>
    </ClInclude>
    <ClInclude Include="Dependencies\boost\config\compiler\hp_acc.hpp">
      <Filter>Core\Dependencies\Boost</Filter>
    </ClInclude>
    <ClInclude Include="Dependencies\boost\config\platform\hpux.hpp">
      <Filter>Core\Dependencies\Boost</Filter>
    </ClInclude>
    <ClInclude Include="Dependencies\boost\detail\identifier.hpp">
      <Filter>Core\Dependencies\Boost</Filter>
    </ClInclude>
    <ClInclude Include="Dependencies\boost\utility\identity_type.hpp">
      <Filter>Core\Dependencies\Boost</Filter>
    </ClInclude>
    <ClInclude Include="Dependencies\boost\core\ignore_unused.hpp">
      <Filter>Core\Dependencies\Boost</Filter>
    </ClInclude>
    <ClInclude Include="Dependencies\boost\utility\in_place_factory.hpp">
      <Filter>Core\Dependencies\Boost</Filter>
    </ClInclude>
    <ClInclude Include="Dependencies\boost\utility\detail\in_place_factory_prefix.hpp">
      <Filter>Core\Dependencies\Boost</Filter>
    </ClInclude>
    <ClInclude Include="Dependencies\boost\utility\detail\in_place_factory_suffix.hpp">
      <Filter>Core\Dependencies\Boost</Filter>
    </ClInclude>
    <ClInclude Include="Dependencies\boost\detail\indirect_traits.hpp">
      <Filter>Core\Dependencies\Boost</Filter>
    </ClInclude>
    <ClInclude Include="Dependencies\boost\exception\info.hpp">
      <Filter>Core\Dependencies\Boost</Filter>
    </ClInclude>
    <ClInclude Include="Dependencies\boost\exception\info_tuple.hpp">
      <Filter>Core\Dependencies\Boost</Filter>
    </ClInclude>
    <ClInclude Include="Dependencies\boost\config\compiler\intel.hpp">
      <Filter>Core\Dependencies\Boost</Filter>
    </ClInclude>
    <ClInclude Include="Dependencies\boost\detail\interlocked.hpp">
      <Filter>Core\Dependencies\Boost</Filter>
    </ClInclude>
    <ClInclude Include="dev\include\libavutil\intfloat_readwrite.h">
      <Filter>Core\Dependencies\Boost</Filter>
    </ClInclude>
    <ClInclude Include="Dependencies\boost\smart_ptr\intrusive_ptr.hpp">
      <Filter>Core\Dependencies\Boost</Filter>
    </ClInclude>
    <ClInclude Include="Dependencies\boost\smart_ptr\intrusive_ref_counter.hpp">
      <Filter>Core\Dependencies\Boost</Filter>
    </ClInclude>
    <ClInclude Include="Dependencies\boost\config\platform\irix.hpp">
      <Filter>Core\Dependencies\Boost</Filter>
    </ClInclude>
    <ClInclude Include="Dependencies\boost\detail\is_incrementable.hpp">
      <Filter>Core\Dependencies\Boost</Filter>
    </ClInclude>
    <ClInclude Include="Dependencies\boost\exception\detail\is_output_streamable.hpp">
      <Filter>Core\Dependencies\Boost</Filter>
    </ClInclude>
    <ClInclude Include="Dependencies\boost\core\is_same.hpp">
      <Filter>Core\Dependencies\Boost</Filter>
    </ClInclude>
    <ClInclude Include="Dependencies\boost\detail\is_sorted.hpp">
      <Filter>Core\Dependencies\Boost</Filter>
    </ClInclude>
    <ClInclude Include="Dependencies\boost\detail\is_xxx.hpp">
      <Filter>Core\Dependencies\Boost</Filter>
    </ClInclude>
    <ClInclude Include="Dependencies\boost\detail\iterator.hpp">
      <Filter>Core\Dependencies\Boost</Filter>
    </ClInclude>
    <ClInclude Include="Dependencies\boost\config\compiler\kai.hpp">
      <Filter>Core\Dependencies\Boost</Filter>
    </ClInclude>
    <ClInclude Include="Dependencies\boost\detail\lcast_precision.hpp">
      <Filter>Core\Dependencies\Boost</Filter>
    </ClInclude>
    <ClInclude Include="Dependencies\boost\config\stdlib\libcomo.hpp">
      <Filter>Core\Dependencies\Boost</Filter>
    </ClInclude>
    <ClInclude Include="Dependencies\boost\config\stdlib\libcpp.hpp">
      <Filter>Core\Dependencies\Boost</Filter>
    </ClInclude>
    <ClInclude Include="Dependencies\boost\config\stdlib\libstdcpp3.hpp">
      <Filter>Core\Dependencies\Boost</Filter>
    </ClInclude>
    <ClInclude Include="Dependencies\boost\detail\lightweight_main.hpp">
      <Filter>Core\Dependencies\Boost</Filter>
    </ClInclude>
    <ClInclude Include="Dependencies\boost\smart_ptr\detail\lightweight_mutex.hpp">
      <Filter>Core\Dependencies\Boost</Filter>
    </ClInclude>
    <ClInclude Include="Dependencies\boost\detail\lightweight_mutex.hpp">
      <Filter>Core\Dependencies\Boost</Filter>
    </ClInclude>
    <ClInclude Include="Dependencies\boost\detail\lightweight_test.hpp">
      <Filter>Core\Dependencies\Boost</Filter>
    </ClInclude>
    <ClInclude Include="Dependencies\boost\core\lightweight_test.hpp">
      <Filter>Core\Dependencies\Boost</Filter>
    </ClInclude>
    <ClInclude Include="Dependencies\boost\core\lightweight_test_trait.hpp">
      <Filter>Core\Dependencies\Boost</Filter>
    </ClInclude>
    <ClInclude Include="Dependencies\boost\detail\lightweight_thread.hpp">
      <Filter>Core\Dependencies\Boost</Filter>
    </ClInclude>
    <ClInclude Include="Dependencies\boost\config\platform\linux.hpp">
      <Filter>Core\Dependencies\Boost</Filter>
    </ClInclude>
    <ClInclude Include="Dependencies\boost\detail\winapi\LocalFree.hpp">
      <Filter>Core\Dependencies\Boost</Filter>
    </ClInclude>
    <ClInclude Include="Dependencies\boost\smart_ptr\detail\lwm_nop.hpp">
      <Filter>Core\Dependencies\Boost</Filter>
    </ClInclude>
    <ClInclude Include="Dependencies\boost\smart_ptr\detail\lwm_pthreads.hpp">
      <Filter>Core\Dependencies\Boost</Filter>
    </ClInclude>
    <ClInclude Include="Dependencies\boost\smart_ptr\detail\lwm_win32_cs.hpp">
      <Filter>Core\Dependencies\Boost</Filter>
    </ClInclude>
    <ClInclude Include="Dependencies\boost\config\platform\macos.hpp">
      <Filter>Core\Dependencies\Boost</Filter>
    </ClInclude>
    <ClInclude Include="Dependencies\boost\smart_ptr\make_shared.hpp">
      <Filter>Core\Dependencies\Boost</Filter>
    </ClInclude>
    <ClInclude Include="Dependencies\boost\smart_ptr\make_shared_array.hpp">
      <Filter>Core\Dependencies\Boost</Filter>
    </ClInclude>
    <ClInclude Include="Dependencies\boost\smart_ptr\make_shared_object.hpp">
      <Filter>Core\Dependencies\Boost</Filter>
    </ClInclude>
    <ClInclude Include="Dependencies\boost\smart_ptr\make_unique.hpp">
      <Filter>Core\Dependencies\Boost</Filter>
    </ClInclude>
    <ClInclude Include="Dependencies\boost\smart_ptr\make_unique_array.hpp">
      <Filter>Core\Dependencies\Boost</Filter>
    </ClInclude>
    <ClInclude Include="Dependencies\boost\smart_ptr\make_unique_object.hpp">
      <Filter>Core\Dependencies\Boost</Filter>
    </ClInclude>
    <ClInclude Include="Dependencies\boost\detail\winapi\memory.hpp">
      <Filter>Core\Dependencies\Boost</Filter>
    </ClInclude>
    <ClInclude Include="Dependencies\boost\config\no_tr1\memory.hpp">
      <Filter>Core\Dependencies\Boost</Filter>
    </ClInclude>
    <ClInclude Include="Dependencies\boost\config\compiler\metrowerks.hpp">
      <Filter>Core\Dependencies\Boost</Filter>
    </ClInclude>
    <ClInclude Include="Dependencies\boost\config\stdlib\modena.hpp">
      <Filter>Core\Dependencies\Boost</Filter>
    </ClInclude>
    <ClInclude Include="Dependencies\boost\config\compiler\mpw.hpp">
      <Filter>Core\Dependencies\Boost</Filter>
    </ClInclude>
    <ClInclude Include="Dependencies\boost\config\stdlib\msl.hpp">
      <Filter>Core\Dependencies\Boost</Filter>
    </ClInclude>
    <ClInclude Include="Dependencies\boost\config\abi\msvc_prefix.hpp">
      <Filter>Core\Dependencies\Boost</Filter>
    </ClInclude>
    <ClInclude Include="Dependencies\boost\config\abi\msvc_suffix.hpp">
      <Filter>Core\Dependencies\Boost</Filter>
    </ClInclude>
    <ClInclude Include="Dependencies\boost\exception\N3757.hpp">
      <Filter>Core\Dependencies\Boost</Filter>
    </ClInclude>
    <ClInclude Include="Dependencies\boost\detail\named_template_params.hpp">
      <Filter>Core\Dependencies\Boost</Filter>
    </ClInclude>
    <ClInclude Include="Dependencies\boost\core\no_exceptions_support.hpp">
      <Filter>Core\Dependencies\Boost</Filter>
    </ClInclude>
    <ClInclude Include="Dependencies\boost\detail\no_exceptions_support.hpp">
      <Filter>Core\Dependencies\Boost</Filter>
    </ClInclude>
    <ClInclude Include="Dependencies\boost\core\noncopyable.hpp">
      <Filter>Core\Dependencies\Boost</Filter>
    </ClInclude>
    <ClInclude Include="Dependencies\boost\core\null_deleter.hpp">
      <Filter>Core\Dependencies\Boost</Filter>
    </ClInclude>
    <ClInclude Include="Dependencies\boost\detail\numeric_traits.hpp">
      <Filter>Core\Dependencies\Boost</Filter>
    </ClInclude>
    <ClInclude Include="Dependencies\boost\config\compiler\nvcc.hpp">
      <Filter>Core\Dependencies\Boost</Filter>
    </ClInclude>
    <ClInclude Include="Dependencies\boost\detail\ob_compressed_pair.hpp">
      <Filter>Core\Dependencies\Boost</Filter>
    </ClInclude>
    <ClInclude Include="Dependencies\boost\exception\detail\object_hex_dump.hpp">
      <Filter>Core\Dependencies\Boost</Filter>
    </ClInclude>
    <ClInclude Include="Dependencies\boost\smart_ptr\detail\operator_bool.hpp">
      <Filter>Core\Dependencies\Boost</Filter>
    </ClInclude>
    <ClInclude Include="Dependencies\boost\smart_ptr\owner_less.hpp">
      <Filter>Core\Dependencies\Boost</Filter>
    </ClInclude>
    <ClInclude Include="Dependencies\boost\config\compiler\pathscale.hpp">
      <Filter>Core\Dependencies\Boost</Filter>
    </ClInclude>
    <ClInclude Include="Dependencies\boost\config\compiler\pgi.hpp">
      <Filter>Core\Dependencies\Boost</Filter>
    </ClInclude>
    <ClInclude Include="Dependencies\boost\config\posix_features.hpp">
      <Filter>Core\Dependencies\Boost</Filter>
    </ClInclude>
    <ClInclude Include="Dependencies\boost\detail\winapi\process.hpp">
      <Filter>Core\Dependencies\Boost</Filter>
    </ClInclude>
    <ClInclude Include="Dependencies\boost\config\platform\qnxnto.hpp">
      <Filter>Core\Dependencies\Boost</Filter>
    </ClInclude>
    <ClInclude Include="Dependencies\boost\detail\quick_allocator.hpp">
      <Filter>Core\Dependencies\Boost</Filter>
    </ClInclude>
    <ClInclude Include="Dependencies\boost\smart_ptr\detail\quick_allocator.hpp">
      <Filter>Core\Dependencies\Boost</Filter>
    </ClInclude>
    <ClInclude Include="Dependencies\boost\core\ref.hpp">
      <Filter>Core\Dependencies\Boost</Filter>
    </ClInclude>
    <ClInclude Include="Dependencies\boost\detail\reference_content.hpp">
      <Filter>Core\Dependencies\Boost</Filter>
    </ClInclude>
    <ClInclude Include="Dependencies\boost\config\requires_threads.hpp">
      <Filter>Core\Dependencies\Boost</Filter>
    </ClInclude>
    <ClInclude Include="Dependencies\boost\utility\result_of.hpp">
      <Filter>Core\Dependencies\Boost</Filter>
    </ClInclude>
    <ClInclude Include="Dependencies\boost\utility\detail\result_of_iterate.hpp">
      <Filter>Core\Dependencies\Boost</Filter>
    </ClInclude>
    <ClInclude Include="Dependencies\boost\config\stdlib\roguewave.hpp">
      <Filter>Core\Dependencies\Boost</Filter>
    </ClInclude>
    <ClInclude Include="Dependencies\boost\smart_ptr\scoped_array.hpp">
      <Filter>Core\Dependencies\Boost</Filter>
    </ClInclude>
    <ClInclude Include="Dependencies\boost\core\scoped_enum.hpp">
      <Filter>Core\Dependencies\Boost</Filter>
    </ClInclude>
    <ClInclude Include="Dependencies\boost\detail\scoped_enum_emulation.hpp">
      <Filter>Core\Dependencies\Boost</Filter>
    </ClInclude>
    <ClInclude Include="Dependencies\boost\smart_ptr\scoped_ptr.hpp">
      <Filter>Core\Dependencies\Boost</Filter>
    </ClInclude>
    <ClInclude Include="Dependencies\boost\detail\winapi\security.hpp">
      <Filter>Core\Dependencies\Boost</Filter>
    </ClInclude>
    <ClInclude Include="Dependencies\boost\config\select_compiler_config.hpp">
      <Filter>Core\Dependencies\Boost</Filter>
    </ClInclude>
    <ClInclude Include="Dependencies\boost\config\select_platform_config.hpp">
      <Filter>Core\Dependencies\Boost</Filter>
    </ClInclude>
    <ClInclude Include="Dependencies\boost\config\select_stdlib_config.hpp">
      <Filter>Core\Dependencies\Boost</Filter>
    </ClInclude>
    <ClInclude Include="Dependencies\boost\detail\select_type.hpp">
      <Filter>Core\Dependencies\Boost</Filter>
    </ClInclude>
    <ClInclude Include="Dependencies\boost\config\stdlib\sgi.hpp">
      <Filter>Core\Dependencies\Boost</Filter>
    </ClInclude>
    <ClInclude Include="Dependencies\boost\config\compiler\sgi_mipspro.hpp">
      <Filter>Core\Dependencies\Boost</Filter>
    </ClInclude>
    <ClInclude Include="Dependencies\boost\smart_ptr\shared_array.hpp">
      <Filter>Core\Dependencies\Boost</Filter>
    </ClInclude>
    <ClInclude Include="Dependencies\boost\smart_ptr\detail\shared_count.hpp">
      <Filter>Core\Dependencies\Boost</Filter>
    </ClInclude>
    <ClInclude Include="Dependencies\boost\smart_ptr\shared_ptr.hpp">
      <Filter>Core\Dependencies\Boost</Filter>
    </ClInclude>
    <ClInclude Include="Dependencies\boost\config\platform\solaris.hpp">
      <Filter>Core\Dependencies\Boost</Filter>
    </ClInclude>
    <ClInclude Include="Dependencies\boost\smart_ptr\detail\sp_convertible.hpp">
      <Filter>Core\Dependencies\Boost</Filter>
    </ClInclude>
    <ClInclude Include="Dependencies\boost\smart_ptr\detail\sp_counted_base.hpp">
      <Filter>Core\Dependencies\Boost</Filter>
    </ClInclude>
    <ClInclude Include="Dependencies\boost\smart_ptr\detail\sp_counted_base_acc_ia64.hpp">
      <Filter>Core\Dependencies\Boost</Filter>
    </ClInclude>
    <ClInclude Include="Dependencies\boost\smart_ptr\detail\sp_counted_base_aix.hpp">
      <Filter>Core\Dependencies\Boost</Filter>
    </ClInclude>
    <ClInclude Include="Dependencies\boost\smart_ptr\detail\sp_counted_base_cw_ppc.hpp">
      <Filter>Core\Dependencies\Boost</Filter>
    </ClInclude>
    <ClInclude Include="Dependencies\boost\smart_ptr\detail\sp_counted_base_cw_x86.hpp">
      <Filter>Core\Dependencies\Boost</Filter>
    </ClInclude>
    <ClInclude Include="Dependencies\boost\smart_ptr\detail\sp_counted_base_gcc_ia64.hpp">
      <Filter>Core\Dependencies\Boost</Filter>
    </ClInclude>
    <ClInclude Include="Dependencies\boost\smart_ptr\detail\sp_counted_base_gcc_mips.hpp">
      <Filter>Core\Dependencies\Boost</Filter>
    </ClInclude>
    <ClInclude Include="Dependencies\boost\smart_ptr\detail\sp_counted_base_gcc_ppc.hpp">
      <Filter>Core\Dependencies\Boost</Filter>
    </ClInclude>
    <ClInclude Include="Dependencies\boost\smart_ptr\detail\sp_counted_base_gcc_sparc.hpp">
      <Filter>Core\Dependencies\Boost</Filter>
    </ClInclude>
    <ClInclude Include="Dependencies\boost\smart_ptr\detail\sp_counted_base_gcc_x86.hpp">
      <Filter>Core\Dependencies\Boost</Filter>
    </ClInclude>
    <ClInclude Include="Dependencies\boost\smart_ptr\detail\sp_counted_base_nt.hpp">
      <Filter>Core\Dependencies\Boost</Filter>
    </ClInclude>
    <ClInclude Include="Dependencies\boost\smart_ptr\detail\sp_counted_base_pt.hpp">
      <Filter>Core\Dependencies\Boost</Filter>
    </ClInclude>
    <ClInclude Include="Dependencies\boost\smart_ptr\detail\sp_counted_base_snc_ps3.hpp">
      <Filter>Core\Dependencies\Boost</Filter>
    </ClInclude>
    <ClInclude Include="Dependencies\boost\smart_ptr\detail\sp_counted_base_solaris.hpp">
      <Filter>Core\Dependencies\Boost</Filter>
    </ClInclude>
    <ClInclude Include="Dependencies\boost\smart_ptr\detail\sp_counted_base_spin.hpp">
      <Filter>Core\Dependencies\Boost</Filter>
    </ClInclude>
    <ClInclude Include="Dependencies\boost\smart_ptr\detail\sp_counted_base_std_atomic.hpp">
      <Filter>Core\Dependencies\Boost</Filter>
    </ClInclude>
    <ClInclude Include="Dependencies\boost\smart_ptr\detail\sp_counted_base_sync.hpp">
      <Filter>Core\Dependencies\Boost</Filter>
    </ClInclude>
    <ClInclude Include="Dependencies\boost\smart_ptr\detail\sp_counted_base_vacpp_ppc.hpp">
      <Filter>Core\Dependencies\Boost</Filter>
    </ClInclude>
    <ClInclude Include="Dependencies\boost\smart_ptr\detail\sp_counted_base_w32.hpp">
      <Filter>Core\Dependencies\Boost</Filter>
    </ClInclude>
    <ClInclude Include="Dependencies\boost\smart_ptr\detail\sp_counted_impl.hpp">
      <Filter>Core\Dependencies\Boost</Filter>
    </ClInclude>
    <ClInclude Include="Dependencies\boost\smart_ptr\detail\sp_forward.hpp">
      <Filter>Core\Dependencies\Boost</Filter>
    </ClInclude>
    <ClInclude Include="Dependencies\boost\smart_ptr\detail\sp_has_sync.hpp">
      <Filter>Core\Dependencies\Boost</Filter>
    </ClInclude>
    <ClInclude Include="Dependencies\boost\smart_ptr\detail\sp_if_array.hpp">
      <Filter>Core\Dependencies\Boost</Filter>
    </ClInclude>
    <ClInclude Include="Dependencies\boost\smart_ptr\detail\sp_interlocked.hpp">
      <Filter>Core\Dependencies\Boost</Filter>
    </ClInclude>
    <ClInclude Include="Dependencies\boost\smart_ptr\detail\sp_nullptr_t.hpp">
      <Filter>Core\Dependencies\Boost</Filter>
    </ClInclude>
    <ClInclude Include="Dependencies\boost\detail\sp_typeinfo.hpp">
      <Filter>Core\Dependencies\Boost</Filter>
    </ClInclude>
    <ClInclude Include="Dependencies\boost\smart_ptr\detail\spinlock.hpp">
      <Filter>Core\Dependencies\Boost</Filter>
    </ClInclude>
    <ClInclude Include="Dependencies\boost\smart_ptr\detail\spinlock_gcc_arm.hpp">
      <Filter>Core\Dependencies\Boost</Filter>
    </ClInclude>
    <ClInclude Include="Dependencies\boost\smart_ptr\detail\spinlock_nt.hpp">
      <Filter>Core\Dependencies\Boost</Filter>
    </ClInclude>
    <ClInclude Include="Dependencies\boost\smart_ptr\detail\spinlock_pool.hpp">
      <Filter>Core\Dependencies\Boost</Filter>
    </ClInclude>
    <ClInclude Include="Dependencies\boost\smart_ptr\detail\spinlock_pt.hpp">
      <Filter>Core\Dependencies\Boost</Filter>
    </ClInclude>
    <ClInclude Include="Dependencies\boost\smart_ptr\detail\spinlock_std_atomic.hpp">
      <Filter>Core\Dependencies\Boost</Filter>
    </ClInclude>
    <ClInclude Include="Dependencies\boost\smart_ptr\detail\spinlock_sync.hpp">
      <Filter>Core\Dependencies\Boost</Filter>
    </ClInclude>
    <ClInclude Include="Dependencies\boost\smart_ptr\detail\spinlock_w32.hpp">
      <Filter>Core\Dependencies\Boost</Filter>
    </ClInclude>
    <ClInclude Include="Dependencies\boost\config\stdlib\stlport.hpp">
      <Filter>Core\Dependencies\Boost</Filter>
    </ClInclude>
    <ClInclude Include="Dependencies\boost\utility\string_ref.hpp">
      <Filter>Core\Dependencies\Boost</Filter>
    </ClInclude>
    <ClInclude Include="Dependencies\boost\utility\string_ref_fwd.hpp">
      <Filter>Core\Dependencies\Boost</Filter>
    </ClInclude>
    <ClInclude Include="Dependencies\boost\config\suffix.hpp">
      <Filter>Core\Dependencies\Boost</Filter>
    </ClInclude>
    <ClInclude Include="Dependencies\boost\config\compiler\sunpro_cc.hpp">
      <Filter>Core\Dependencies\Boost</Filter>
    </ClInclude>
    <ClInclude Include="Dependencies\boost\utility\swap.hpp">
      <Filter>Core\Dependencies\Boost</Filter>
    </ClInclude>
    <ClInclude Include="Dependencies\boost\core\swap.hpp">
      <Filter>Core\Dependencies\Boost</Filter>
    </ClInclude>
    <ClInclude Include="Dependencies\boost\config\platform\symbian.hpp">
      <Filter>Core\Dependencies\Boost</Filter>
    </ClInclude>
    <ClInclude Include="Dependencies\boost\detail\winapi\synchronization.hpp">
      <Filter>Core\Dependencies\Boost</Filter>
    </ClInclude>
    <ClInclude Include="Dependencies\boost\detail\winapi\system.hpp">
      <Filter>Core\Dependencies\Boost</Filter>
    </ClInclude>
    <ClInclude Include="Dependencies\boost\detail\templated_streams.hpp">
      <Filter>Core\Dependencies\Boost</Filter>
    </ClInclude>
    <ClInclude Include="Dependencies\boost\detail\winapi\thread.hpp">
      <Filter>Core\Dependencies\Boost</Filter>
    </ClInclude>
    <ClInclude Include="Dependencies\boost\detail\winapi\thread_pool.hpp">
      <Filter>Core\Dependencies\Boost</Filter>
    </ClInclude>
    <ClInclude Include="Dependencies\boost\throw_exception.hpp">
      <Filter>Core\Dependencies\Boost</Filter>
    </ClInclude>
    <ClInclude Include="Dependencies\boost\detail\winapi\time.hpp">
      <Filter>Core\Dependencies\Boost</Filter>
    </ClInclude>
    <ClInclude Include="Dependencies\boost\detail\winapi\timers.hpp">
      <Filter>Core\Dependencies\Boost</Filter>
    </ClInclude>
    <ClInclude Include="Dependencies\boost\detail\winapi\tls.hpp">
      <Filter>Core\Dependencies\Boost</Filter>
    </ClInclude>
    <ClInclude Include="Dependencies\boost\exception\to_string.hpp">
      <Filter>Core\Dependencies\Boost</Filter>
    </ClInclude>
    <ClInclude Include="Dependencies\boost\exception\to_string_stub.hpp">
      <Filter>Core\Dependencies\Boost</Filter>
    </ClInclude>
    <ClInclude Include="Dependencies\boost\exception\detail\type_info.hpp">
      <Filter>Core\Dependencies\Boost</Filter>
    </ClInclude>
    <ClInclude Include="Dependencies\boost\utility\typed_in_place_factory.hpp">
      <Filter>Core\Dependencies\Boost</Filter>
    </ClInclude>
    <ClInclude Include="Dependencies\boost\core\typeinfo.hpp">
      <Filter>Core\Dependencies\Boost</Filter>
    </ClInclude>
    <ClInclude Include="Dependencies\boost\core\underlying_type.hpp">
      <Filter>Core\Dependencies\Boost</Filter>
    </ClInclude>
    <ClInclude Include="Dependencies\boost\smart_ptr\detail\up_if_array.hpp">
      <Filter>Core\Dependencies\Boost</Filter>
    </ClInclude>
    <ClInclude Include="Dependencies\boost\smart_ptr\detail\up_if_not_array.hpp">
      <Filter>Core\Dependencies\Boost</Filter>
    </ClInclude>
    <ClInclude Include="Dependencies\boost\config\user.hpp">
      <Filter>Core\Dependencies\Boost</Filter>
    </ClInclude>
    <ClInclude Include="Dependencies\boost\detail\utf8_codecvt_facet.hpp">
      <Filter>Core\Dependencies\Boost</Filter>
    </ClInclude>
    <ClInclude Include="Dependencies\boost\config\no_tr1\utility.hpp">
      <Filter>Core\Dependencies\Boost</Filter>
    </ClInclude>
    <ClInclude Include="Dependencies\boost\config\compiler\vacpp.hpp">
      <Filter>Core\Dependencies\Boost</Filter>
    </ClInclude>
    <ClInclude Include="Dependencies\boost\config\stdlib\vacpp.hpp">
      <Filter>Core\Dependencies\Boost</Filter>
    </ClInclude>
    <ClInclude Include="Dependencies\boost\utility\value_init.hpp">
      <Filter>Core\Dependencies\Boost</Filter>
    </ClInclude>
    <ClInclude Include="dev\include\libavformat\version.h">
      <Filter>Core\Dependencies\Boost</Filter>
    </ClInclude>
    <ClInclude Include="dev\include\libswscale\version.h">
      <Filter>Core\Dependencies\Boost</Filter>
    </ClInclude>
    <ClInclude Include="dev\include\libavfilter\version.h">
      <Filter>Core\Dependencies\Boost</Filter>
    </ClInclude>
    <ClInclude Include="dev\include\libavdevice\version.h">
      <Filter>Core\Dependencies\Boost</Filter>
    </ClInclude>
    <ClInclude Include="dev\include\libavutil\version.h">
      <Filter>Core\Dependencies\Boost</Filter>
    </ClInclude>
    <ClInclude Include="dev\include\libavcodec\version.h">
      <Filter>Core\Dependencies\Boost</Filter>
    </ClInclude>
    <ClInclude Include="dev\include\libswresample\version.h">
      <Filter>Core\Dependencies\Boost</Filter>
    </ClInclude>
    <ClInclude Include="dev\include\libpostproc\version.h">
      <Filter>Core\Dependencies\Boost</Filter>
    </ClInclude>
    <ClInclude Include="Dependencies\boost\config\compiler\visualc.hpp">
      <Filter>Core\Dependencies\Boost</Filter>
    </ClInclude>
    <ClInclude Include="Dependencies\boost\config\platform\vms.hpp">
      <Filter>Core\Dependencies\Boost</Filter>
    </ClInclude>
    <ClInclude Include="Dependencies\boost\config\platform\vxworks.hpp">
      <Filter>Core\Dependencies\Boost</Filter>
    </ClInclude>
    <ClInclude Include="Dependencies\boost\detail\winapi\waitable_timer.hpp">
      <Filter>Core\Dependencies\Boost</Filter>
    </ClInclude>
    <ClInclude Include="Dependencies\boost\config\warning_disable.hpp">
      <Filter>Core\Dependencies\Boost</Filter>
    </ClInclude>
    <ClInclude Include="Dependencies\boost\smart_ptr\weak_ptr.hpp">
      <Filter>Core\Dependencies\Boost</Filter>
    </ClInclude>
    <ClInclude Include="Dependencies\boost\config\platform\win32.hpp">
      <Filter>Core\Dependencies\Boost</Filter>
    </ClInclude>
    <ClInclude Include="Dependencies\boost\detail\workaround.hpp">
      <Filter>Core\Dependencies\Boost</Filter>
    </ClInclude>
    <ClInclude Include="Dependencies\boost\smart_ptr\detail\yield_k.hpp">
      <Filter>Core\Dependencies\Boost</Filter>
    </ClInclude>
    <ClInclude Include="dev\include\libavutil\adler32.h">
      <Filter>Core\Dependencies\FFmpeg</Filter>
    </ClInclude>
    <ClInclude Include="dev\include\libavutil\aes.h">
      <Filter>Core\Dependencies\FFmpeg</Filter>
    </ClInclude>
    <ClInclude Include="dev\include\libavfilter\asrc_abuffer.h">
      <Filter>Core\Dependencies\FFmpeg</Filter>
    </ClInclude>
    <ClInclude Include="dev\include\libavutil\attributes.h">
      <Filter>Core\Dependencies\FFmpeg</Filter>
    </ClInclude>
    <ClInclude Include="dev\include\libavutil\audio_fifo.h">
      <Filter>Core\Dependencies\FFmpeg</Filter>
    </ClInclude>
    <ClInclude Include="dev\include\libavutil\audioconvert.h">
      <Filter>Core\Dependencies\FFmpeg</Filter>
    </ClInclude>
    <ClInclude Include="dev\include\libavutil\avassert.h">
      <Filter>Core\Dependencies\FFmpeg</Filter>
    </ClInclude>
    <ClInclude Include="dev\include\libavfilter\avcodec.h">
      <Filter>Core\Dependencies\FFmpeg</Filter>
    </ClInclude>
    <ClInclude Include="dev\include\libavcodec\avcodec.h">
      <Filter>Core\Dependencies\FFmpeg</Filter>
    </ClInclude>
    <ClInclude Include="dev\include\libavutil\avconfig.h">
      <Filter>Core\Dependencies\FFmpeg</Filter>
    </ClInclude>
    <ClInclude Include="dev\include\libavdevice\avdevice.h">
      <Filter>Core\Dependencies\FFmpeg</Filter>
    </ClInclude>
    <ClInclude Include="dev\include\libavcodec\avfft.h">
      <Filter>Core\Dependencies\FFmpeg</Filter>
    </ClInclude>
    <ClInclude Include="dev\include\libavfilter\avfilter.h">
      <Filter>Core\Dependencies\FFmpeg</Filter>
    </ClInclude>
    <ClInclude Include="dev\include\libavfilter\avfiltergraph.h">
      <Filter>Core\Dependencies\FFmpeg</Filter>
    </ClInclude>
    <ClInclude Include="dev\include\libavformat\avformat.h">
      <Filter>Core\Dependencies\FFmpeg</Filter>
    </ClInclude>
    <ClInclude Include="dev\include\libavformat\avio.h">
      <Filter>Core\Dependencies\FFmpeg</Filter>
    </ClInclude>
    <ClInclude Include="dev\include\libavutil\avstring.h">
      <Filter>Core\Dependencies\FFmpeg</Filter>
    </ClInclude>
    <ClInclude Include="dev\include\libavutil\avutil.h">
      <Filter>Core\Dependencies\FFmpeg</Filter>
    </ClInclude>
    <ClInclude Include="dev\include\libavutil\base64.h">
      <Filter>Core\Dependencies\FFmpeg</Filter>
    </ClInclude>
    <ClInclude Include="dev\include\libavutil\blowfish.h">
      <Filter>Core\Dependencies\FFmpeg</Filter>
    </ClInclude>
    <ClInclude Include="dev\include\libavutil\bprint.h">
      <Filter>Core\Dependencies\FFmpeg</Filter>
    </ClInclude>
    <ClInclude Include="dev\include\libavutil\bswap.h">
      <Filter>Core\Dependencies\FFmpeg</Filter>
    </ClInclude>
    <ClInclude Include="dev\include\libavutil\buffer.h">
      <Filter>Core\Dependencies\FFmpeg</Filter>
    </ClInclude>
    <ClInclude Include="dev\include\libavfilter\buffersink.h">
      <Filter>Core\Dependencies\FFmpeg</Filter>
    </ClInclude>
    <ClInclude Include="dev\include\libavfilter\buffersrc.h">
      <Filter>Core\Dependencies\FFmpeg</Filter>
    </ClInclude>
    <ClInclude Include="dev\include\libavutil\channel_layout.h">
      <Filter>Core\Dependencies\FFmpeg</Filter>
    </ClInclude>
    <ClInclude Include="dev\include\libavutil\common.h">
      <Filter>Core\Dependencies\FFmpeg</Filter>
    </ClInclude>
    <ClInclude Include="dev\include\libavutil\cpu.h">
      <Filter>Core\Dependencies\FFmpeg</Filter>
    </ClInclude>
    <ClInclude Include="dev\include\libavutil\crc.h">
      <Filter>Core\Dependencies\FFmpeg</Filter>
    </ClInclude>
    <ClInclude Include="dev\include\libavutil\dict.h">
      <Filter>Core\Dependencies\FFmpeg</Filter>
    </ClInclude>
    <ClInclude Include="dev\include\libavutil\downmix_info.h">
      <Filter>Core\Dependencies\FFmpeg</Filter>
    </ClInclude>
    <ClInclude Include="dev\include\libavutil\error.h">
      <Filter>Core\Dependencies\FFmpeg</Filter>
    </ClInclude>
    <ClInclude Include="dev\include\libavutil\eval.h">
      <Filter>Core\Dependencies\FFmpeg</Filter>
    </ClInclude>
    <ClInclude Include="dev\include\libavutil\ffversion.h">
      <Filter>Core\Dependencies\FFmpeg</Filter>
    </ClInclude>
    <ClInclude Include="dev\include\libavutil\fifo.h">
      <Filter>Core\Dependencies\FFmpeg</Filter>
    </ClInclude>
    <ClInclude Include="dev\include\libavutil\file.h">
      <Filter>Core\Dependencies\FFmpeg</Filter>
    </ClInclude>
    <ClInclude Include="dev\include\libavutil\frame.h">
      <Filter>Core\Dependencies\FFmpeg</Filter>
    </ClInclude>
    <ClInclude Include="dev\include\libavutil\hmac.h">
      <Filter>Core\Dependencies\FFmpeg</Filter>
    </ClInclude>
    <ClInclude Include="dev\include\libavutil\imgutils.h">
      <Filter>Core\Dependencies\FFmpeg</Filter>
    </ClInclude>
    <ClInclude Include="dev\include\libavutil\intfloat.h">
      <Filter>Core\Dependencies\FFmpeg</Filter>
    </ClInclude>
    <ClInclude Include="dev\include\libavutil\intreadwrite.h">
      <Filter>Core\Dependencies\FFmpeg</Filter>
    </ClInclude>
    <ClInclude Include="dev\include\libavutil\lfg.h">
      <Filter>Core\Dependencies\FFmpeg</Filter>
    </ClInclude>
    <ClInclude Include="dev\include\libavutil\log.h">
      <Filter>Core\Dependencies\FFmpeg</Filter>
    </ClInclude>
    <ClInclude Include="dev\include\libavutil\lzo.h">
      <Filter>Core\Dependencies\FFmpeg</Filter>
    </ClInclude>
    <ClInclude Include="Analyzers\Linear\HillEffectAnalyzer.h">
      <Filter>Analyzers\Linear\Headers</Filter>
    </ClInclude>
    <ClInclude Include="Analyzers\Linear\IntensityAnalyzer.h">
      <Filter>Analyzers\Linear\Headers</Filter>
    </ClInclude>
    <ClInclude Include="Analyzers\Linear\LinearAnalyzer.h">
      <Filter>Analyzers\Linear\Headers</Filter>
    </ClInclude>
    <ClInclude Include="Analyzers\Base\BaseAnalyzer.h">
      <Filter>Analyzers\Base\Headers</Filter>
    </ClInclude>
    <ClInclude Include="Analyzers\Base\AnalyzerFactory.h">
      <Filter>Analyzers\Base\Headers</Filter>
    </ClInclude>
    <ClInclude Include="Analyzers\Pattern\PatternAnalyzer.h">
      <Filter>Analyzers\Pattern\Headers</Filter>
    </ClInclude>
    <ClInclude Include="Analyzers\Pattern\FeatureExtractionAnalyzer.h">
      <Filter>Analyzers\Pattern\Headers</Filter>
    </ClInclude>
    <ClInclude Include="Core\MP3toData.h">
      <Filter>Core\Headers</Filter>
    </ClInclude>
    <ClInclude Include="Analyzers\Pattern\MeterAnalyzer.h">
      <Filter>Analyzers\Pattern\Headers</Filter>
    </ClInclude>
    <ClInclude Include="Analyzers\Pattern\TimeSignatureAnalyzer.h">
      <Filter>Analyzers\Pattern\Headers</Filter>
    </ClInclude>
    <ClInclude Include="Core\EmcSettings.h">
      <Filter>Helpers\Headers</Filter>
    </ClInclude>
    <ClInclude Include="Filters\Base\Filter.h">
      <Filter>Filters\Base\Headers</Filter>
    </ClInclude>
    <ClInclude Include="Filters\Base\NoiseFloor.h">
      <Filter>Filters\Base\Headers</Filter>
    </ClInclude>
    <ClInclude Include="Filters\Base\SimplifiedKalman.h">
      <Filter>Filters\Base\Headers</Filter>
    </ClInclude>
    <ClInclude Include="Filters\Windows\Window.h">
      <Filter>Filters\Windows\Headers</Filter>
    </ClInclude>
    <ClInclude Include="Core\Processor.h">
      <Filter>Core\Headers</Filter>
    </ClInclude>
    <ClInclude Include="Filters\Windows\HanningWindow.h">
      <Filter>Filters\Windows\Headers</Filter>
    </ClInclude>
  </ItemGroup>
  <ItemGroup>
    <ClCompile Include="Core\ArduinoReadableFileWriter.cpp">
      <Filter>Core</Filter>
    </ClCompile>
    <ClCompile Include="Core\CoreMath.cpp">
      <Filter>Core</Filter>
    </ClCompile>
    <ClCompile Include="Core\EmcCore.cpp">
      <Filter>Core</Filter>
    </ClCompile>
    <ClCompile Include="Core\EntryPoint.cpp">
      <Filter>Core</Filter>
    </ClCompile>
    <ClCompile Include="Core\MP3toData.cpp">
      <Filter>Core</Filter>
    </ClCompile>
    <ClCompile Include="Core\MusicFileOperations.cpp">
      <Filter>Core</Filter>
    </ClCompile>
    <ClCompile Include="Core\stdafx.cpp">
      <Filter>Core</Filter>
    </ClCompile>
    <ClCompile Include="Core\SettingsBuilder.cpp">
      <Filter>Helpers</Filter>
    </ClCompile>
    <ClCompile Include="Dependencies\jsoncpp.cpp">
      <Filter>Core\Dependencies\JsonCpp</Filter>
    </ClCompile>
    <ClCompile Include="Analyzers\Linear\LinearAnalyzer.cpp">
      <Filter>Analyzers\Linear</Filter>
    </ClCompile>
    <ClCompile Include="Analyzers\Linear\IntensityAnalyzer.cpp">
      <Filter>Analyzers\Linear</Filter>
    </ClCompile>
    <ClCompile Include="Analyzers\Linear\HillEffectAnalyzer.cpp">
      <Filter>Analyzers\Linear</Filter>
    </ClCompile>
    <ClCompile Include="Analyzers\Base\AnalyzerFactory.cpp">
      <Filter>Analyzers\Base</Filter>
    </ClCompile>
    <ClCompile Include="Analyzers\Base\BaseAnalyzer.cpp">
      <Filter>Analyzers\Base</Filter>
    </ClCompile>
    <ClCompile Include="Analyzers\Pattern\FeatureExtractionAnalyzer.cpp">
      <Filter>Analyzers\Pattern</Filter>
    </ClCompile>
    <ClCompile Include="Analyzers\Pattern\PatternAnalyzer.cpp">
      <Filter>Analyzers\Pattern</Filter>
    </ClCompile>
    <ClCompile Include="Analyzers\Pattern\MeterAnalyzer.cpp">
      <Filter>Analyzers\Pattern</Filter>
    </ClCompile>
    <ClCompile Include="Analyzers\Pattern\TimeSignatureAnalyzer.cpp">
      <Filter>Analyzers\Pattern</Filter>
    </ClCompile>
    <ClCompile Include="Filters\Base\Filter.cpp">
      <Filter>Filters\Base</Filter>
    </ClCompile>
    <ClCompile Include="Filters\Base\SimplifiedKalman.cpp">
      <Filter>Filters\Base</Filter>
    </ClCompile>
    <ClCompile Include="Filters\Base\NoiseFloor.cpp">
      <Filter>Filters\Base</Filter>
    </ClCompile>
    <ClCompile Include="Filters\Windows\Window.cpp">
      <Filter>Filters\Windows</Filter>
    </ClCompile>
    <ClCompile Include="Core\Processor.cpp">
      <Filter>Core</Filter>
    </ClCompile>
    <ClCompile Include="Filters\Windows\HanningWindow.cpp">
      <Filter>Filters\Windows</Filter>
    </ClCompile>
  </ItemGroup>
  <ItemGroup>
    <Library Include="libfftw3-3.lib">
      <Filter>Core\Dependencies\FFmpeg</Filter>
    </Library>
  </ItemGroup>
  <ItemGroup>
    <None Include="..\README.md" />
  </ItemGroup>
</Project>